# THIS IS AN AUTOGENERATED FILE. DO NOT EDIT THIS FILE DIRECTLY.
# yarn lockfile v1


konva@^7.1.6:
  version "7.1.6"
  resolved "https://registry.yarnpkg.com/konva/-/konva-7.1.6.tgz#7c8e4dd2c3a9c8bc392d0be040a4b1c65aa120e7"
  integrity sha512-9g+T1oBj2jGVybTfHUdOJ/H+NIrTIlMi13rjpwIw8aAgsHfoRcCr/ZF6muzRzoZjRd5XeTD7UbFYhZM42hJ9ZA==
